
Microsoft Visual Studio Solution File, Format Version 12.00
# Visual Studio Version 17
VisualStudioVersion = 17.5.33530.505
MinimumVisualStudioVersion = 10.0.40219.1
Project("{9A19103F-16F7-4668-BE54-9A1E7A4F7556}") = "BindableEnum.Web", "BindableEnum\Web\BindableEnum.Web.csproj", "{8E67B46F-6A4B-4216-945C-582907A74658}"
EndProject
Project("{2150E333-8FDC-42A3-9474-1A3956D46DE8}") = "Solution Items", "Solution Items", "{157B8944-014B-4B4C-9E10-82A6F95460EF}"
	ProjectSection(SolutionItems) = preProject
		.editorconfig = .editorconfig
		Directory.Build.props = Directory.Build.props
		LICENSE.txt = LICENSE.txt
		README.md = README.md
	EndProjectSection
EndProject
Project("{9A19103F-16F7-4668-BE54-9A1E7A4F7556}") = "BindableEnum.Library", "BindableEnum\Library\BindableEnum.Library.csproj", "{A2B1F15D-5EA0-44D9-8188-D89EA5DDC213}"
EndProject
Project("{9A19103F-16F7-4668-BE54-9A1E7A4F7556}") = "BindableEnum.Tests", "BindableEnum\Tests\BindableEnum.Tests.csproj", "{833AADC1-4AAF-4668-90B5-35460DD62BAF}"
EndProject
Project("{2150E333-8FDC-42A3-9474-1A3956D46DE8}") = "BindableEnum", "BindableEnum", "{977E26CC-06AB-459F-AE70-0BB8B026D1E3}"
EndProject
Project("{2150E333-8FDC-42A3-9474-1A3956D46DE8}") = "FluentValidation", "FluentValidation", "{7B9A2D3F-6BBB-421B-B875-83FA55885D31}"
EndProject
Project("{9A19103F-16F7-4668-BE54-9A1E7A4F7556}") = "FluentValidation.Library", "FluentValidation\Library\FluentValidation.Library.csproj", "{CBB643D3-C4EE-48E4-961A-211FDE032595}"
EndProject
Project("{9A19103F-16F7-4668-BE54-9A1E7A4F7556}") = "FluentValidation.Tests", "FluentValidation\Tests\FluentValidation.Tests.csproj", "{EC63817D-6D22-4DC9-A149-4AF590B5F7D4}"
EndProject
Project("{9A19103F-16F7-4668-BE54-9A1E7A4F7556}") = "FluentValidation.Web", "FluentValidation\Web\FluentValidation.Web.csproj", "{134427D3-A1CA-4DBB-AD0E-94AF99EA3735}"
EndProject
Project("{2150E333-8FDC-42A3-9474-1A3956D46DE8}") = "Internal", "Internal", "{9D53864C-34A2-450A-A294-355907E774DF}"
EndProject
Project("{9A19103F-16F7-4668-BE54-9A1E7A4F7556}") = "Internal.Tests", "Internal\Tests\Internal.Tests.csproj", "{DFD9E158-2C47-4F69-84E3-FA874FCFFD4B}"
EndProject
Project("{9A19103F-16F7-4668-BE54-9A1E7A4F7556}") = "Internal.Web", "Internal\Web\Internal.Web.csproj", "{DCC33301-B030-490E-9D9B-F315C3F8C72E}"
EndProject
Project("{2150E333-8FDC-42A3-9474-1A3956D46DE8}") = "Text", "Text", "{51633B31-F408-4DE1-9157-D64CB96507A6}"
EndProject
Project("{9A19103F-16F7-4668-BE54-9A1E7A4F7556}") = "Text.Library", "Text\Library\Text.Library.csproj", "{29906E7B-4CE3-41B1-AE23-94F33C296104}"
EndProject
Global
	GlobalSection(SolutionConfigurationPlatforms) = preSolution
		Debug|Any CPU = Debug|Any CPU
		Release|Any CPU = Release|Any CPU
	EndGlobalSection
	GlobalSection(ProjectConfigurationPlatforms) = postSolution
		{8E67B46F-6A4B-4216-945C-582907A74658}.Debug|Any CPU.ActiveCfg = Debug|Any CPU
		{8E67B46F-6A4B-4216-945C-582907A74658}.Debug|Any CPU.Build.0 = Debug|Any CPU
		{8E67B46F-6A4B-4216-945C-582907A74658}.Release|Any CPU.ActiveCfg = Release|Any CPU
		{8E67B46F-6A4B-4216-945C-582907A74658}.Release|Any CPU.Build.0 = Release|Any CPU
		{A2B1F15D-5EA0-44D9-8188-D89EA5DDC213}.Debug|Any CPU.ActiveCfg = Debug|Any CPU
		{A2B1F15D-5EA0-44D9-8188-D89EA5DDC213}.Debug|Any CPU.Build.0 = Debug|Any CPU
		{A2B1F15D-5EA0-44D9-8188-D89EA5DDC213}.Release|Any CPU.ActiveCfg = Release|Any CPU
		{A2B1F15D-5EA0-44D9-8188-D89EA5DDC213}.Release|Any CPU.Build.0 = Release|Any CPU
		{833AADC1-4AAF-4668-90B5-35460DD62BAF}.Debug|Any CPU.ActiveCfg = Debug|Any CPU
		{833AADC1-4AAF-4668-90B5-35460DD62BAF}.Debug|Any CPU.Build.0 = Debug|Any CPU
		{833AADC1-4AAF-4668-90B5-35460DD62BAF}.Release|Any CPU.ActiveCfg = Release|Any CPU
		{833AADC1-4AAF-4668-90B5-35460DD62BAF}.Release|Any CPU.Build.0 = Release|Any CPU
		{CBB643D3-C4EE-48E4-961A-211FDE032595}.Debug|Any CPU.ActiveCfg = Debug|Any CPU
		{CBB643D3-C4EE-48E4-961A-211FDE032595}.Debug|Any CPU.Build.0 = Debug|Any CPU
		{CBB643D3-C4EE-48E4-961A-211FDE032595}.Release|Any CPU.ActiveCfg = Release|Any CPU
		{CBB643D3-C4EE-48E4-961A-211FDE032595}.Release|Any CPU.Build.0 = Release|Any CPU
		{EC63817D-6D22-4DC9-A149-4AF590B5F7D4}.Debug|Any CPU.ActiveCfg = Debug|Any CPU
		{EC63817D-6D22-4DC9-A149-4AF590B5F7D4}.Debug|Any CPU.Build.0 = Debug|Any CPU
		{EC63817D-6D22-4DC9-A149-4AF590B5F7D4}.Release|Any CPU.ActiveCfg = Release|Any CPU
		{EC63817D-6D22-4DC9-A149-4AF590B5F7D4}.Release|Any CPU.Build.0 = Release|Any CPU
		{134427D3-A1CA-4DBB-AD0E-94AF99EA3735}.Debug|Any CPU.ActiveCfg = Debug|Any CPU
		{134427D3-A1CA-4DBB-AD0E-94AF99EA3735}.Debug|Any CPU.Build.0 = Debug|Any CPU
		{134427D3-A1CA-4DBB-AD0E-94AF99EA3735}.Release|Any CPU.ActiveCfg = Release|Any CPU
		{134427D3-A1CA-4DBB-AD0E-94AF99EA3735}.Release|Any CPU.Build.0 = Release|Any CPU
		{DFD9E158-2C47-4F69-84E3-FA874FCFFD4B}.Debug|Any CPU.ActiveCfg = Debug|Any CPU
		{DFD9E158-2C47-4F69-84E3-FA874FCFFD4B}.Debug|Any CPU.Build.0 = Debug|Any CPU
		{DFD9E158-2C47-4F69-84E3-FA874FCFFD4B}.Release|Any CPU.ActiveCfg = Release|Any CPU
		{DFD9E158-2C47-4F69-84E3-FA874FCFFD4B}.Release|Any CPU.Build.0 = Release|Any CPU
		{DCC33301-B030-490E-9D9B-F315C3F8C72E}.Debug|Any CPU.ActiveCfg = Debug|Any CPU
		{DCC33301-B030-490E-9D9B-F315C3F8C72E}.Debug|Any CPU.Build.0 = Debug|Any CPU
		{DCC33301-B030-490E-9D9B-F315C3F8C72E}.Release|Any CPU.ActiveCfg = Release|Any CPU
		{DCC33301-B030-490E-9D9B-F315C3F8C72E}.Release|Any CPU.Build.0 = Release|Any CPU
		{29906E7B-4CE3-41B1-AE23-94F33C296104}.Debug|Any CPU.ActiveCfg = Debug|Any CPU
		{29906E7B-4CE3-41B1-AE23-94F33C296104}.Debug|Any CPU.Build.0 = Debug|Any CPU
		{29906E7B-4CE3-41B1-AE23-94F33C296104}.Release|Any CPU.ActiveCfg = Release|Any CPU
		{29906E7B-4CE3-41B1-AE23-94F33C296104}.Release|Any CPU.Build.0 = Release|Any CPU
	EndGlobalSection
	GlobalSection(SolutionProperties) = preSolution
		HideSolutionNode = FALSE
	EndGlobalSection
	GlobalSection(NestedProjects) = preSolution
		{8E67B46F-6A4B-4216-945C-582907A74658} = {977E26CC-06AB-459F-AE70-0BB8B026D1E3}
		{A2B1F15D-5EA0-44D9-8188-D89EA5DDC213} = {977E26CC-06AB-459F-AE70-0BB8B026D1E3}
		{833AADC1-4AAF-4668-90B5-35460DD62BAF} = {977E26CC-06AB-459F-AE70-0BB8B026D1E3}
		{CBB643D3-C4EE-48E4-961A-211FDE032595} = {7B9A2D3F-6BBB-421B-B875-83FA55885D31}
		{EC63817D-6D22-4DC9-A149-4AF590B5F7D4} = {7B9A2D3F-6BBB-421B-B875-83FA55885D31}
		{134427D3-A1CA-4DBB-AD0E-94AF99EA3735} = {7B9A2D3F-6BBB-421B-B875-83FA55885D31}
		{DFD9E158-2C47-4F69-84E3-FA874FCFFD4B} = {9D53864C-34A2-450A-A294-355907E774DF}
		{DCC33301-B030-490E-9D9B-F315C3F8C72E} = {9D53864C-34A2-450A-A294-355907E774DF}
		{29906E7B-4CE3-41B1-AE23-94F33C296104} = {51633B31-F408-4DE1-9157-D64CB96507A6}
	EndGlobalSection
	GlobalSection(ExtensibilityGlobals) = postSolution
		SolutionGuid = {B59A3CED-A160-49B9-A001-B4EA679E9D25}
	EndGlobalSection
EndGlobal
