
Microsoft Visual Studio Solution File, Format Version 12.00
# Visual Studio Version 17
VisualStudioVersion = 17.5.33530.505
MinimumVisualStudioVersion = 10.0.40219.1
Project("{9A19103F-16F7-4668-BE54-9A1E7A4F7556}") = "BindableEnum.Web", "BindableEnum\Web\BindableEnum.Web.csproj", "{8E67B46F-6A4B-4216-945C-582907A74658}"
EndProject
Project("{2150E333-8FDC-42A3-9474-1A3956D46DE8}") = "Solution Items", "Solution Items", "{157B8944-014B-4B4C-9E10-82A6F95460EF}"
	ProjectSection(SolutionItems) = preProject
		.editorconfig = .editorconfig
		Directory.Build.props = Directory.Build.props
		LICENSE.txt = LICENSE.txt
		README.md = README.md
	EndProjectSection
EndProject
Project("{9A19103F-16F7-4668-BE54-9A1E7A4F7556}") = "BindableEnum.Library", "BindableEnum\Library\BindableEnum.Library.csproj", "{A2B1F15D-5EA0-44D9-8188-D89EA5DDC213}"
EndProject
Project("{9A19103F-16F7-4668-BE54-9A1E7A4F7556}") = "BindableEnum.Tests", "BindableEnum\Tests\BindableEnum.Tests.csproj", "{833AADC1-4AAF-4668-90B5-35460DD62BAF}"
EndProject
Project("{2150E333-8FDC-42A3-9474-1A3956D46DE8}") = "BindableEnum", "BindableEnum", "{977E26CC-06AB-459F-AE70-0BB8B026D1E3}"
EndProject
Project("{2150E333-8FDC-42A3-9474-1A3956D46DE8}") = "FluentValidation", "FluentValidation", "{7B9A2D3F-6BBB-421B-B875-83FA55885D31}"
EndProject
Project("{9A19103F-16F7-4668-BE54-9A1E7A4F7556}") = "FluentValidation.Library", "FluentValidation\Library\FluentValidation.Library.csproj", "{CBB643D3-C4EE-48E4-961A-211FDE032595}"
EndProject
Project("{9A19103F-16F7-4668-BE54-9A1E7A4F7556}") = "FluentValidation.Tests", "FluentValidation\Tests\FluentValidation.Tests.csproj", "{EC63817D-6D22-4DC9-A149-4AF590B5F7D4}"
EndProject
Project("{9A19103F-16F7-4668-BE54-9A1E7A4F7556}") = "FluentValidation.Web", "FluentValidation\Web\FluentValidation.Web.csproj", "{134427D3-A1CA-4DBB-AD0E-94AF99EA3735}"
EndProject
Project("{2150E333-8FDC-42A3-9474-1A3956D46DE8}") = "Internal", "Internal", "{9D53864C-34A2-450A-A294-355907E774DF}"
EndProject
Project("{9A19103F-16F7-4668-BE54-9A1E7A4F7556}") = "Internal.Tests", "Internal\Tests\Internal.Tests.csproj", "{DFD9E158-2C47-4F69-84E3-FA874FCFFD4B}"
EndProject
Project("{9A19103F-16F7-4668-BE54-9A1E7A4F7556}") = "Internal.Web", "Internal\Web\Internal.Web.csproj", "{DCC33301-B030-490E-9D9B-F315C3F8C72E}"
EndProject
Project("{2150E333-8FDC-42A3-9474-1A3956D46DE8}") = "Text", "Text", "{51633B31-F408-4DE1-9157-D64CB96507A6}"
EndProject
Project("{9A19103F-16F7-4668-BE54-9A1E7A4F7556}") = "Text.Library", "Text\Library\Text.Library.csproj", "{29906E7B-4CE3-41B1-AE23-94F33C296104}"
EndProject
Project("{9A19103F-16F7-4668-BE54-9A1E7A4F7556}") = "Text.Tests", "Text\Tests\Text.Tests.csproj", "{DF290BB8-1AA6-46D5-AA6F-D1DFF62F33C8}"
EndProject
Project("{2150E333-8FDC-42A3-9474-1A3956D46DE8}") = "BindableEnum.FluentValidation", "BindableEnum.FluentValidation", "{BBABA672-E3F8-4DD3-8C20-07E1977652D0}"
EndProject
Project("{9A19103F-16F7-4668-BE54-9A1E7A4F7556}") = "BindableEnum.FluentValidation.Library", "BindableEnum.FluentValidation\Library\BindableEnum.FluentValidation.Library.csproj", "{9CE6B0F9-9267-47F3-A941-F808B1000FAA}"
EndProject
Project("{9A19103F-16F7-4668-BE54-9A1E7A4F7556}") = "BindableEnum.FluentValidation.Tests", "BindableEnum.FluentValidation\Tests\BindableEnum.FluentValidation.Tests.csproj", "{9540FEB9-CD75-4471-AA64-0374246E6C6B}"
EndProject
Project("{2150E333-8FDC-42A3-9474-1A3956D46DE8}") = "Collections", "Collections", "{F69C027C-CE93-4309-8FAA-27B8C0F02904}"
EndProject
Project("{9A19103F-16F7-4668-BE54-9A1E7A4F7556}") = "Collections.Library", "Collections\Library\Collections.Library.csproj", "{6970F82D-2685-45B3-B6D0-49D916A0933E}"
EndProject
Project("{2150E333-8FDC-42A3-9474-1A3956D46DE8}") = "Collections.Extensible", "Collections.Extensible", "{17A81A78-4513-4AF9-8A9D-5F19584F6D1E}"
EndProject
Project("{9A19103F-16F7-4668-BE54-9A1E7A4F7556}") = "Collections.Extensible.Library", "Collections.Extensible\Library\Collections.Extensible.Library.csproj", "{B9C82AA4-A150-4759-BF24-CCAC3B5EFE4C}"
EndProject
Project("{9A19103F-16F7-4668-BE54-9A1E7A4F7556}") = "Collections.Tests", "Collections\Tests\Collections.Tests.csproj", "{CD8562E8-24B8-42A4-B94A-3F7FE8EF9453}"
EndProject
Project("{9A19103F-16F7-4668-BE54-9A1E7A4F7556}") = "Collections.Extensible.Tests", "Collections.Extensible\Tests\Collections.Extensible.Tests.csproj", "{1B7044AF-F208-4066-B1F7-D38023811FCC}"
EndProject
Project("{2150E333-8FDC-42A3-9474-1A3956D46DE8}") = "Caching.Memory", "Caching.Memory", "{171F28CB-C5C7-48F8-A241-A5BC05A8DB2A}"
EndProject
Project("{9A19103F-16F7-4668-BE54-9A1E7A4F7556}") = "Caching.Memory.Library", "Caching.Memory\Library\Caching.Memory.Library.csproj", "{D06F2D78-16D4-416E-B37D-6A4B3580B0A3}"
EndProject
Project("{FAE04EC0-301F-11D3-BF4B-00C04F79EFBC}") = "Caching.Memory.Tests", "Caching.Memory\Tests\Caching.Memory.Tests.csproj", "{2BD5AB90-7907-4B15-8FFB-2C79D97C197A}"
EndProject
Global
	GlobalSection(SolutionConfigurationPlatforms) = preSolution
		Debug|Any CPU = Debug|Any CPU
		Release|Any CPU = Release|Any CPU
	EndGlobalSection
	GlobalSection(ProjectConfigurationPlatforms) = postSolution
		{8E67B46F-6A4B-4216-945C-582907A74658}.Debug|Any CPU.ActiveCfg = Debug|Any CPU
		{8E67B46F-6A4B-4216-945C-582907A74658}.Debug|Any CPU.Build.0 = Debug|Any CPU
		{8E67B46F-6A4B-4216-945C-582907A74658}.Release|Any CPU.ActiveCfg = Release|Any CPU
		{8E67B46F-6A4B-4216-945C-582907A74658}.Release|Any CPU.Build.0 = Release|Any CPU
		{A2B1F15D-5EA0-44D9-8188-D89EA5DDC213}.Debug|Any CPU.ActiveCfg = Debug|Any CPU
		{A2B1F15D-5EA0-44D9-8188-D89EA5DDC213}.Debug|Any CPU.Build.0 = Debug|Any CPU
		{A2B1F15D-5EA0-44D9-8188-D89EA5DDC213}.Release|Any CPU.ActiveCfg = Release|Any CPU
		{A2B1F15D-5EA0-44D9-8188-D89EA5DDC213}.Release|Any CPU.Build.0 = Release|Any CPU
		{833AADC1-4AAF-4668-90B5-35460DD62BAF}.Debug|Any CPU.ActiveCfg = Debug|Any CPU
		{833AADC1-4AAF-4668-90B5-35460DD62BAF}.Debug|Any CPU.Build.0 = Debug|Any CPU
		{833AADC1-4AAF-4668-90B5-35460DD62BAF}.Release|Any CPU.ActiveCfg = Release|Any CPU
		{833AADC1-4AAF-4668-90B5-35460DD62BAF}.Release|Any CPU.Build.0 = Release|Any CPU
		{CBB643D3-C4EE-48E4-961A-211FDE032595}.Debug|Any CPU.ActiveCfg = Debug|Any CPU
		{CBB643D3-C4EE-48E4-961A-211FDE032595}.Debug|Any CPU.Build.0 = Debug|Any CPU
		{CBB643D3-C4EE-48E4-961A-211FDE032595}.Release|Any CPU.ActiveCfg = Release|Any CPU
		{CBB643D3-C4EE-48E4-961A-211FDE032595}.Release|Any CPU.Build.0 = Release|Any CPU
		{EC63817D-6D22-4DC9-A149-4AF590B5F7D4}.Debug|Any CPU.ActiveCfg = Debug|Any CPU
		{EC63817D-6D22-4DC9-A149-4AF590B5F7D4}.Debug|Any CPU.Build.0 = Debug|Any CPU
		{EC63817D-6D22-4DC9-A149-4AF590B5F7D4}.Release|Any CPU.ActiveCfg = Release|Any CPU
		{EC63817D-6D22-4DC9-A149-4AF590B5F7D4}.Release|Any CPU.Build.0 = Release|Any CPU
		{134427D3-A1CA-4DBB-AD0E-94AF99EA3735}.Debug|Any CPU.ActiveCfg = Debug|Any CPU
		{134427D3-A1CA-4DBB-AD0E-94AF99EA3735}.Debug|Any CPU.Build.0 = Debug|Any CPU
		{134427D3-A1CA-4DBB-AD0E-94AF99EA3735}.Release|Any CPU.ActiveCfg = Release|Any CPU
		{134427D3-A1CA-4DBB-AD0E-94AF99EA3735}.Release|Any CPU.Build.0 = Release|Any CPU
		{DFD9E158-2C47-4F69-84E3-FA874FCFFD4B}.Debug|Any CPU.ActiveCfg = Debug|Any CPU
		{DFD9E158-2C47-4F69-84E3-FA874FCFFD4B}.Debug|Any CPU.Build.0 = Debug|Any CPU
		{DFD9E158-2C47-4F69-84E3-FA874FCFFD4B}.Release|Any CPU.ActiveCfg = Release|Any CPU
		{DFD9E158-2C47-4F69-84E3-FA874FCFFD4B}.Release|Any CPU.Build.0 = Release|Any CPU
		{DCC33301-B030-490E-9D9B-F315C3F8C72E}.Debug|Any CPU.ActiveCfg = Debug|Any CPU
		{DCC33301-B030-490E-9D9B-F315C3F8C72E}.Debug|Any CPU.Build.0 = Debug|Any CPU
		{DCC33301-B030-490E-9D9B-F315C3F8C72E}.Release|Any CPU.ActiveCfg = Release|Any CPU
		{DCC33301-B030-490E-9D9B-F315C3F8C72E}.Release|Any CPU.Build.0 = Release|Any CPU
		{29906E7B-4CE3-41B1-AE23-94F33C296104}.Debug|Any CPU.ActiveCfg = Debug|Any CPU
		{29906E7B-4CE3-41B1-AE23-94F33C296104}.Debug|Any CPU.Build.0 = Debug|Any CPU
		{29906E7B-4CE3-41B1-AE23-94F33C296104}.Release|Any CPU.ActiveCfg = Release|Any CPU
		{29906E7B-4CE3-41B1-AE23-94F33C296104}.Release|Any CPU.Build.0 = Release|Any CPU
		{DF290BB8-1AA6-46D5-AA6F-D1DFF62F33C8}.Debug|Any CPU.ActiveCfg = Debug|Any CPU
		{DF290BB8-1AA6-46D5-AA6F-D1DFF62F33C8}.Debug|Any CPU.Build.0 = Debug|Any CPU
		{DF290BB8-1AA6-46D5-AA6F-D1DFF62F33C8}.Release|Any CPU.ActiveCfg = Release|Any CPU
		{DF290BB8-1AA6-46D5-AA6F-D1DFF62F33C8}.Release|Any CPU.Build.0 = Release|Any CPU
		{9CE6B0F9-9267-47F3-A941-F808B1000FAA}.Debug|Any CPU.ActiveCfg = Debug|Any CPU
		{9CE6B0F9-9267-47F3-A941-F808B1000FAA}.Debug|Any CPU.Build.0 = Debug|Any CPU
		{9CE6B0F9-9267-47F3-A941-F808B1000FAA}.Release|Any CPU.ActiveCfg = Release|Any CPU
		{9CE6B0F9-9267-47F3-A941-F808B1000FAA}.Release|Any CPU.Build.0 = Release|Any CPU
		{9540FEB9-CD75-4471-AA64-0374246E6C6B}.Debug|Any CPU.ActiveCfg = Debug|Any CPU
		{9540FEB9-CD75-4471-AA64-0374246E6C6B}.Debug|Any CPU.Build.0 = Debug|Any CPU
		{9540FEB9-CD75-4471-AA64-0374246E6C6B}.Release|Any CPU.ActiveCfg = Release|Any CPU
		{9540FEB9-CD75-4471-AA64-0374246E6C6B}.Release|Any CPU.Build.0 = Release|Any CPU
		{6970F82D-2685-45B3-B6D0-49D916A0933E}.Debug|Any CPU.ActiveCfg = Debug|Any CPU
		{6970F82D-2685-45B3-B6D0-49D916A0933E}.Debug|Any CPU.Build.0 = Debug|Any CPU
		{6970F82D-2685-45B3-B6D0-49D916A0933E}.Release|Any CPU.ActiveCfg = Release|Any CPU
		{6970F82D-2685-45B3-B6D0-49D916A0933E}.Release|Any CPU.Build.0 = Release|Any CPU
		{B9C82AA4-A150-4759-BF24-CCAC3B5EFE4C}.Debug|Any CPU.ActiveCfg = Debug|Any CPU
		{B9C82AA4-A150-4759-BF24-CCAC3B5EFE4C}.Debug|Any CPU.Build.0 = Debug|Any CPU
		{B9C82AA4-A150-4759-BF24-CCAC3B5EFE4C}.Release|Any CPU.ActiveCfg = Release|Any CPU
		{B9C82AA4-A150-4759-BF24-CCAC3B5EFE4C}.Release|Any CPU.Build.0 = Release|Any CPU
		{CD8562E8-24B8-42A4-B94A-3F7FE8EF9453}.Debug|Any CPU.ActiveCfg = Debug|Any CPU
		{CD8562E8-24B8-42A4-B94A-3F7FE8EF9453}.Debug|Any CPU.Build.0 = Debug|Any CPU
		{CD8562E8-24B8-42A4-B94A-3F7FE8EF9453}.Release|Any CPU.ActiveCfg = Release|Any CPU
		{CD8562E8-24B8-42A4-B94A-3F7FE8EF9453}.Release|Any CPU.Build.0 = Release|Any CPU
		{1B7044AF-F208-4066-B1F7-D38023811FCC}.Debug|Any CPU.ActiveCfg = Debug|Any CPU
		{1B7044AF-F208-4066-B1F7-D38023811FCC}.Debug|Any CPU.Build.0 = Debug|Any CPU
		{1B7044AF-F208-4066-B1F7-D38023811FCC}.Release|Any CPU.ActiveCfg = Release|Any CPU
		{1B7044AF-F208-4066-B1F7-D38023811FCC}.Release|Any CPU.Build.0 = Release|Any CPU
		{D06F2D78-16D4-416E-B37D-6A4B3580B0A3}.Debug|Any CPU.ActiveCfg = Debug|Any CPU
		{D06F2D78-16D4-416E-B37D-6A4B3580B0A3}.Debug|Any CPU.Build.0 = Debug|Any CPU
		{D06F2D78-16D4-416E-B37D-6A4B3580B0A3}.Release|Any CPU.ActiveCfg = Release|Any CPU
		{D06F2D78-16D4-416E-B37D-6A4B3580B0A3}.Release|Any CPU.Build.0 = Release|Any CPU
		{2BD5AB90-7907-4B15-8FFB-2C79D97C197A}.Debug|Any CPU.ActiveCfg = Debug|Any CPU
		{2BD5AB90-7907-4B15-8FFB-2C79D97C197A}.Debug|Any CPU.Build.0 = Debug|Any CPU
		{2BD5AB90-7907-4B15-8FFB-2C79D97C197A}.Release|Any CPU.ActiveCfg = Release|Any CPU
		{2BD5AB90-7907-4B15-8FFB-2C79D97C197A}.Release|Any CPU.Build.0 = Release|Any CPU
	EndGlobalSection
	GlobalSection(SolutionProperties) = preSolution
		HideSolutionNode = FALSE
	EndGlobalSection
	GlobalSection(NestedProjects) = preSolution
		{8E67B46F-6A4B-4216-945C-582907A74658} = {977E26CC-06AB-459F-AE70-0BB8B026D1E3}
		{A2B1F15D-5EA0-44D9-8188-D89EA5DDC213} = {977E26CC-06AB-459F-AE70-0BB8B026D1E3}
		{833AADC1-4AAF-4668-90B5-35460DD62BAF} = {977E26CC-06AB-459F-AE70-0BB8B026D1E3}
		{CBB643D3-C4EE-48E4-961A-211FDE032595} = {7B9A2D3F-6BBB-421B-B875-83FA55885D31}
		{EC63817D-6D22-4DC9-A149-4AF590B5F7D4} = {7B9A2D3F-6BBB-421B-B875-83FA55885D31}
		{134427D3-A1CA-4DBB-AD0E-94AF99EA3735} = {7B9A2D3F-6BBB-421B-B875-83FA55885D31}
		{DFD9E158-2C47-4F69-84E3-FA874FCFFD4B} = {9D53864C-34A2-450A-A294-355907E774DF}
		{DCC33301-B030-490E-9D9B-F315C3F8C72E} = {9D53864C-34A2-450A-A294-355907E774DF}
		{29906E7B-4CE3-41B1-AE23-94F33C296104} = {51633B31-F408-4DE1-9157-D64CB96507A6}
		{DF290BB8-1AA6-46D5-AA6F-D1DFF62F33C8} = {51633B31-F408-4DE1-9157-D64CB96507A6}
		{9CE6B0F9-9267-47F3-A941-F808B1000FAA} = {BBABA672-E3F8-4DD3-8C20-07E1977652D0}
		{9540FEB9-CD75-4471-AA64-0374246E6C6B} = {BBABA672-E3F8-4DD3-8C20-07E1977652D0}
		{6970F82D-2685-45B3-B6D0-49D916A0933E} = {F69C027C-CE93-4309-8FAA-27B8C0F02904}
		{B9C82AA4-A150-4759-BF24-CCAC3B5EFE4C} = {17A81A78-4513-4AF9-8A9D-5F19584F6D1E}
		{CD8562E8-24B8-42A4-B94A-3F7FE8EF9453} = {F69C027C-CE93-4309-8FAA-27B8C0F02904}
		{1B7044AF-F208-4066-B1F7-D38023811FCC} = {17A81A78-4513-4AF9-8A9D-5F19584F6D1E}
		{D06F2D78-16D4-416E-B37D-6A4B3580B0A3} = {171F28CB-C5C7-48F8-A241-A5BC05A8DB2A}
		{2BD5AB90-7907-4B15-8FFB-2C79D97C197A} = {171F28CB-C5C7-48F8-A241-A5BC05A8DB2A}
	EndGlobalSection
	GlobalSection(ExtensibilityGlobals) = postSolution
		SolutionGuid = {B59A3CED-A160-49B9-A001-B4EA679E9D25}
	EndGlobalSection
EndGlobal
